
Microsoft Visual Studio Solution File, Format Version 12.00
# Visual Studio 15
VisualStudioVersion = 15.0.28010.2003
MinimumVisualStudioVersion = 10.0.40219.1
Project("{FAE04EC0-301F-11D3-BF4B-00C04F79EFBC}") = "Lottie2.Android", "Lottie2\Lottie2.Android\Lottie2.Android.csproj", "{E88EDD74-0902-42C8-A27C-18B457C02AB3}"
EndProject
Project("{FAE04EC0-301F-11D3-BF4B-00C04F79EFBC}") = "Lottie2.iOS", "Lottie2\Lottie2.iOS\Lottie2.iOS.csproj", "{9411933C-7696-421C-8A0B-10ADC6A9728B}"
EndProject
Project("{FAE04EC0-301F-11D3-BF4B-00C04F79EFBC}") = "Lottie2.UWP", "Lottie2\Lottie2.UWP\Lottie2.UWP.csproj", "{251611DA-CF0A-404E-A36F-7822339A93B8}"
EndProject
Project("{FAE04EC0-301F-11D3-BF4B-00C04F79EFBC}") = "Lottie2", "Lottie2\Lottie2\Lottie2.csproj", "{7A130564-6AFE-412D-8BF8-6E00DA937BBC}"
EndProject
Global
	GlobalSection(SolutionConfigurationPlatforms) = preSolution
		Ad-Hoc|Any CPU = Ad-Hoc|Any CPU
		Ad-Hoc|ARM = Ad-Hoc|ARM
		Ad-Hoc|iPhone = Ad-Hoc|iPhone
		Ad-Hoc|iPhoneSimulator = Ad-Hoc|iPhoneSimulator
		Ad-Hoc|x64 = Ad-Hoc|x64
		Ad-Hoc|x86 = Ad-Hoc|x86
		AppStore|Any CPU = AppStore|Any CPU
		AppStore|ARM = AppStore|ARM
		AppStore|iPhone = AppStore|iPhone
		AppStore|iPhoneSimulator = AppStore|iPhoneSimulator
		AppStore|x64 = AppStore|x64
		AppStore|x86 = AppStore|x86
		Debug|Any CPU = Debug|Any CPU
		Debug|ARM = Debug|ARM
		Debug|iPhone = Debug|iPhone
		Debug|iPhoneSimulator = Debug|iPhoneSimulator
		Debug|x64 = Debug|x64
		Debug|x86 = Debug|x86
		Release|Any CPU = Release|Any CPU
		Release|ARM = Release|ARM
		Release|iPhone = Release|iPhone
		Release|iPhoneSimulator = Release|iPhoneSimulator
		Release|x64 = Release|x64
		Release|x86 = Release|x86
	EndGlobalSection
	GlobalSection(ProjectConfigurationPlatforms) = postSolution
		{E88EDD74-0902-42C8-A27C-18B457C02AB3}.Ad-Hoc|Any CPU.ActiveCfg = Release|Any CPU
		{E88EDD74-0902-42C8-A27C-18B457C02AB3}.Ad-Hoc|Any CPU.Build.0 = Release|Any CPU
		{E88EDD74-0902-42C8-A27C-18B457C02AB3}.Ad-Hoc|Any CPU.Deploy.0 = Release|Any CPU
		{E88EDD74-0902-42C8-A27C-18B457C02AB3}.Ad-Hoc|ARM.ActiveCfg = Release|Any CPU
		{E88EDD74-0902-42C8-A27C-18B457C02AB3}.Ad-Hoc|ARM.Build.0 = Release|Any CPU
		{E88EDD74-0902-42C8-A27C-18B457C02AB3}.Ad-Hoc|ARM.Deploy.0 = Release|Any CPU
		{E88EDD74-0902-42C8-A27C-18B457C02AB3}.Ad-Hoc|iPhone.ActiveCfg = Release|Any CPU
		{E88EDD74-0902-42C8-A27C-18B457C02AB3}.Ad-Hoc|iPhone.Build.0 = Release|Any CPU
		{E88EDD74-0902-42C8-A27C-18B457C02AB3}.Ad-Hoc|iPhone.Deploy.0 = Release|Any CPU
		{E88EDD74-0902-42C8-A27C-18B457C02AB3}.Ad-Hoc|iPhoneSimulator.ActiveCfg = Release|Any CPU
		{E88EDD74-0902-42C8-A27C-18B457C02AB3}.Ad-Hoc|iPhoneSimulator.Build.0 = Release|Any CPU
		{E88EDD74-0902-42C8-A27C-18B457C02AB3}.Ad-Hoc|iPhoneSimulator.Deploy.0 = Release|Any CPU
		{E88EDD74-0902-42C8-A27C-18B457C02AB3}.Ad-Hoc|x64.ActiveCfg = Release|Any CPU
		{E88EDD74-0902-42C8-A27C-18B457C02AB3}.Ad-Hoc|x64.Build.0 = Release|Any CPU
		{E88EDD74-0902-42C8-A27C-18B457C02AB3}.Ad-Hoc|x64.Deploy.0 = Release|Any CPU
		{E88EDD74-0902-42C8-A27C-18B457C02AB3}.Ad-Hoc|x86.ActiveCfg = Release|Any CPU
		{E88EDD74-0902-42C8-A27C-18B457C02AB3}.Ad-Hoc|x86.Build.0 = Release|Any CPU
		{E88EDD74-0902-42C8-A27C-18B457C02AB3}.Ad-Hoc|x86.Deploy.0 = Release|Any CPU
		{E88EDD74-0902-42C8-A27C-18B457C02AB3}.AppStore|Any CPU.ActiveCfg = Release|Any CPU
		{E88EDD74-0902-42C8-A27C-18B457C02AB3}.AppStore|Any CPU.Build.0 = Release|Any CPU
		{E88EDD74-0902-42C8-A27C-18B457C02AB3}.AppStore|Any CPU.Deploy.0 = Release|Any CPU
		{E88EDD74-0902-42C8-A27C-18B457C02AB3}.AppStore|ARM.ActiveCfg = Release|Any CPU
		{E88EDD74-0902-42C8-A27C-18B457C02AB3}.AppStore|ARM.Build.0 = Release|Any CPU
		{E88EDD74-0902-42C8-A27C-18B457C02AB3}.AppStore|ARM.Deploy.0 = Release|Any CPU
		{E88EDD74-0902-42C8-A27C-18B457C02AB3}.AppStore|iPhone.ActiveCfg = Release|Any CPU
		{E88EDD74-0902-42C8-A27C-18B457C02AB3}.AppStore|iPhone.Build.0 = Release|Any CPU
		{E88EDD74-0902-42C8-A27C-18B457C02AB3}.AppStore|iPhone.Deploy.0 = Release|Any CPU
		{E88EDD74-0902-42C8-A27C-18B457C02AB3}.AppStore|iPhoneSimulator.ActiveCfg = Release|Any CPU
		{E88EDD74-0902-42C8-A27C-18B457C02AB3}.AppStore|iPhoneSimulator.Build.0 = Release|Any CPU
		{E88EDD74-0902-42C8-A27C-18B457C02AB3}.AppStore|iPhoneSimulator.Deploy.0 = Release|Any CPU
		{E88EDD74-0902-42C8-A27C-18B457C02AB3}.AppStore|x64.ActiveCfg = Release|Any CPU
		{E88EDD74-0902-42C8-A27C-18B457C02AB3}.AppStore|x64.Build.0 = Release|Any CPU
		{E88EDD74-0902-42C8-A27C-18B457C02AB3}.AppStore|x64.Deploy.0 = Release|Any CPU
		{E88EDD74-0902-42C8-A27C-18B457C02AB3}.AppStore|x86.ActiveCfg = Release|Any CPU
		{E88EDD74-0902-42C8-A27C-18B457C02AB3}.AppStore|x86.Build.0 = Release|Any CPU
		{E88EDD74-0902-42C8-A27C-18B457C02AB3}.AppStore|x86.Deploy.0 = Release|Any CPU
		{E88EDD74-0902-42C8-A27C-18B457C02AB3}.Debug|Any CPU.ActiveCfg = Debug|Any CPU
		{E88EDD74-0902-42C8-A27C-18B457C02AB3}.Debug|Any CPU.Build.0 = Debug|Any CPU
		{E88EDD74-0902-42C8-A27C-18B457C02AB3}.Debug|Any CPU.Deploy.0 = Debug|Any CPU
		{E88EDD74-0902-42C8-A27C-18B457C02AB3}.Debug|ARM.ActiveCfg = Debug|Any CPU
		{E88EDD74-0902-42C8-A27C-18B457C02AB3}.Debug|ARM.Build.0 = Debug|Any CPU
		{E88EDD74-0902-42C8-A27C-18B457C02AB3}.Debug|ARM.Deploy.0 = Debug|Any CPU
		{E88EDD74-0902-42C8-A27C-18B457C02AB3}.Debug|iPhone.ActiveCfg = Debug|Any CPU
		{E88EDD74-0902-42C8-A27C-18B457C02AB3}.Debug|iPhone.Build.0 = Debug|Any CPU
		{E88EDD74-0902-42C8-A27C-18B457C02AB3}.Debug|iPhone.Deploy.0 = Debug|Any CPU
		{E88EDD74-0902-42C8-A27C-18B457C02AB3}.Debug|iPhoneSimulator.ActiveCfg = Debug|Any CPU
		{E88EDD74-0902-42C8-A27C-18B457C02AB3}.Debug|iPhoneSimulator.Build.0 = Debug|Any CPU
		{E88EDD74-0902-42C8-A27C-18B457C02AB3}.Debug|iPhoneSimulator.Deploy.0 = Debug|Any CPU
		{E88EDD74-0902-42C8-A27C-18B457C02AB3}.Debug|x64.ActiveCfg = Debug|Any CPU
		{E88EDD74-0902-42C8-A27C-18B457C02AB3}.Debug|x64.Build.0 = Debug|Any CPU
		{E88EDD74-0902-42C8-A27C-18B457C02AB3}.Debug|x64.Deploy.0 = Debug|Any CPU
		{E88EDD74-0902-42C8-A27C-18B457C02AB3}.Debug|x86.ActiveCfg = Debug|Any CPU
		{E88EDD74-0902-42C8-A27C-18B457C02AB3}.Debug|x86.Build.0 = Debug|Any CPU
		{E88EDD74-0902-42C8-A27C-18B457C02AB3}.Debug|x86.Deploy.0 = Debug|Any CPU
		{E88EDD74-0902-42C8-A27C-18B457C02AB3}.Release|Any CPU.ActiveCfg = Release|Any CPU
		{E88EDD74-0902-42C8-A27C-18B457C02AB3}.Release|Any CPU.Build.0 = Release|Any CPU
		{E88EDD74-0902-42C8-A27C-18B457C02AB3}.Release|Any CPU.Deploy.0 = Release|Any CPU
		{E88EDD74-0902-42C8-A27C-18B457C02AB3}.Release|ARM.ActiveCfg = Release|Any CPU
		{E88EDD74-0902-42C8-A27C-18B457C02AB3}.Release|ARM.Build.0 = Release|Any CPU
		{E88EDD74-0902-42C8-A27C-18B457C02AB3}.Release|ARM.Deploy.0 = Release|Any CPU
		{E88EDD74-0902-42C8-A27C-18B457C02AB3}.Release|iPhone.ActiveCfg = Release|Any CPU
		{E88EDD74-0902-42C8-A27C-18B457C02AB3}.Release|iPhone.Build.0 = Release|Any CPU
		{E88EDD74-0902-42C8-A27C-18B457C02AB3}.Release|iPhone.Deploy.0 = Release|Any CPU
		{E88EDD74-0902-42C8-A27C-18B457C02AB3}.Release|iPhoneSimulator.ActiveCfg = Release|Any CPU
		{E88EDD74-0902-42C8-A27C-18B457C02AB3}.Release|iPhoneSimulator.Build.0 = Release|Any CPU
		{E88EDD74-0902-42C8-A27C-18B457C02AB3}.Release|iPhoneSimulator.Deploy.0 = Release|Any CPU
		{E88EDD74-0902-42C8-A27C-18B457C02AB3}.Release|x64.ActiveCfg = Release|Any CPU
		{E88EDD74-0902-42C8-A27C-18B457C02AB3}.Release|x64.Build.0 = Release|Any CPU
		{E88EDD74-0902-42C8-A27C-18B457C02AB3}.Release|x64.Deploy.0 = Release|Any CPU
		{E88EDD74-0902-42C8-A27C-18B457C02AB3}.Release|x86.ActiveCfg = Release|Any CPU
		{E88EDD74-0902-42C8-A27C-18B457C02AB3}.Release|x86.Build.0 = Release|Any CPU
		{E88EDD74-0902-42C8-A27C-18B457C02AB3}.Release|x86.Deploy.0 = Release|Any CPU
		{9411933C-7696-421C-8A0B-10ADC6A9728B}.Ad-Hoc|Any CPU.ActiveCfg = Ad-Hoc|iPhone
		{9411933C-7696-421C-8A0B-10ADC6A9728B}.Ad-Hoc|Any CPU.Build.0 = Ad-Hoc|iPhone
		{9411933C-7696-421C-8A0B-10ADC6A9728B}.Ad-Hoc|Any CPU.Deploy.0 = Ad-Hoc|iPhone
		{9411933C-7696-421C-8A0B-10ADC6A9728B}.Ad-Hoc|ARM.ActiveCfg = Ad-Hoc|iPhone
		{9411933C-7696-421C-8A0B-10ADC6A9728B}.Ad-Hoc|ARM.Build.0 = Ad-Hoc|iPhone
		{9411933C-7696-421C-8A0B-10ADC6A9728B}.Ad-Hoc|ARM.Deploy.0 = Ad-Hoc|iPhone
		{9411933C-7696-421C-8A0B-10ADC6A9728B}.Ad-Hoc|iPhone.ActiveCfg = Ad-Hoc|iPhone
		{9411933C-7696-421C-8A0B-10ADC6A9728B}.Ad-Hoc|iPhone.Build.0 = Ad-Hoc|iPhone
		{9411933C-7696-421C-8A0B-10ADC6A9728B}.Ad-Hoc|iPhone.Deploy.0 = Ad-Hoc|iPhone
		{9411933C-7696-421C-8A0B-10ADC6A9728B}.Ad-Hoc|iPhoneSimulator.ActiveCfg = Ad-Hoc|iPhoneSimulator
		{9411933C-7696-421C-8A0B-10ADC6A9728B}.Ad-Hoc|iPhoneSimulator.Build.0 = Ad-Hoc|iPhoneSimulator
		{9411933C-7696-421C-8A0B-10ADC6A9728B}.Ad-Hoc|iPhoneSimulator.Deploy.0 = Ad-Hoc|iPhoneSimulator
		{9411933C-7696-421C-8A0B-10ADC6A9728B}.Ad-Hoc|x64.ActiveCfg = Ad-Hoc|iPhone
		{9411933C-7696-421C-8A0B-10ADC6A9728B}.Ad-Hoc|x64.Build.0 = Ad-Hoc|iPhone
		{9411933C-7696-421C-8A0B-10ADC6A9728B}.Ad-Hoc|x64.Deploy.0 = Ad-Hoc|iPhone
		{9411933C-7696-421C-8A0B-10ADC6A9728B}.Ad-Hoc|x86.ActiveCfg = Ad-Hoc|iPhone
		{9411933C-7696-421C-8A0B-10ADC6A9728B}.Ad-Hoc|x86.Build.0 = Ad-Hoc|iPhone
		{9411933C-7696-421C-8A0B-10ADC6A9728B}.Ad-Hoc|x86.Deploy.0 = Ad-Hoc|iPhone
		{9411933C-7696-421C-8A0B-10ADC6A9728B}.AppStore|Any CPU.ActiveCfg = AppStore|iPhone
		{9411933C-7696-421C-8A0B-10ADC6A9728B}.AppStore|Any CPU.Build.0 = AppStore|iPhone
		{9411933C-7696-421C-8A0B-10ADC6A9728B}.AppStore|Any CPU.Deploy.0 = AppStore|iPhone
		{9411933C-7696-421C-8A0B-10ADC6A9728B}.AppStore|ARM.ActiveCfg = AppStore|iPhone
		{9411933C-7696-421C-8A0B-10ADC6A9728B}.AppStore|ARM.Build.0 = AppStore|iPhone
		{9411933C-7696-421C-8A0B-10ADC6A9728B}.AppStore|ARM.Deploy.0 = AppStore|iPhone
		{9411933C-7696-421C-8A0B-10ADC6A9728B}.AppStore|iPhone.ActiveCfg = AppStore|iPhone
		{9411933C-7696-421C-8A0B-10ADC6A9728B}.AppStore|iPhone.Build.0 = AppStore|iPhone
		{9411933C-7696-421C-8A0B-10ADC6A9728B}.AppStore|iPhone.Deploy.0 = AppStore|iPhone
		{9411933C-7696-421C-8A0B-10ADC6A9728B}.AppStore|iPhoneSimulator.ActiveCfg = AppStore|iPhoneSimulator
		{9411933C-7696-421C-8A0B-10ADC6A9728B}.AppStore|iPhoneSimulator.Build.0 = AppStore|iPhoneSimulator
		{9411933C-7696-421C-8A0B-10ADC6A9728B}.AppStore|iPhoneSimulator.Deploy.0 = AppStore|iPhoneSimulator
		{9411933C-7696-421C-8A0B-10ADC6A9728B}.AppStore|x64.ActiveCfg = AppStore|iPhone
		{9411933C-7696-421C-8A0B-10ADC6A9728B}.AppStore|x64.Build.0 = AppStore|iPhone
		{9411933C-7696-421C-8A0B-10ADC6A9728B}.AppStore|x64.Deploy.0 = AppStore|iPhone
		{9411933C-7696-421C-8A0B-10ADC6A9728B}.AppStore|x86.ActiveCfg = AppStore|iPhone
		{9411933C-7696-421C-8A0B-10ADC6A9728B}.AppStore|x86.Build.0 = AppStore|iPhone
		{9411933C-7696-421C-8A0B-10ADC6A9728B}.AppStore|x86.Deploy.0 = AppStore|iPhone
		{9411933C-7696-421C-8A0B-10ADC6A9728B}.Debug|Any CPU.ActiveCfg = Debug|iPhoneSimulator
		{9411933C-7696-421C-8A0B-10ADC6A9728B}.Debug|Any CPU.Build.0 = Debug|iPhoneSimulator
		{9411933C-7696-421C-8A0B-10ADC6A9728B}.Debug|Any CPU.Deploy.0 = Debug|iPhoneSimulator
		{9411933C-7696-421C-8A0B-10ADC6A9728B}.Debug|ARM.ActiveCfg = Debug|iPhone
		{9411933C-7696-421C-8A0B-10ADC6A9728B}.Debug|ARM.Build.0 = Debug|iPhone
		{9411933C-7696-421C-8A0B-10ADC6A9728B}.Debug|ARM.Deploy.0 = Debug|iPhone
		{9411933C-7696-421C-8A0B-10ADC6A9728B}.Debug|iPhone.ActiveCfg = Debug|iPhone
		{9411933C-7696-421C-8A0B-10ADC6A9728B}.Debug|iPhone.Build.0 = Debug|iPhone
		{9411933C-7696-421C-8A0B-10ADC6A9728B}.Debug|iPhone.Deploy.0 = Debug|iPhone
		{9411933C-7696-421C-8A0B-10ADC6A9728B}.Debug|iPhoneSimulator.ActiveCfg = Debug|iPhoneSimulator
		{9411933C-7696-421C-8A0B-10ADC6A9728B}.Debug|iPhoneSimulator.Build.0 = Debug|iPhoneSimulator
		{9411933C-7696-421C-8A0B-10ADC6A9728B}.Debug|iPhoneSimulator.Deploy.0 = Debug|iPhoneSimulator
		{9411933C-7696-421C-8A0B-10ADC6A9728B}.Debug|x64.ActiveCfg = Debug|iPhone
		{9411933C-7696-421C-8A0B-10ADC6A9728B}.Debug|x64.Build.0 = Debug|iPhone
		{9411933C-7696-421C-8A0B-10ADC6A9728B}.Debug|x64.Deploy.0 = Debug|iPhone
		{9411933C-7696-421C-8A0B-10ADC6A9728B}.Debug|x86.ActiveCfg = Debug|iPhone
		{9411933C-7696-421C-8A0B-10ADC6A9728B}.Debug|x86.Build.0 = Debug|iPhone
		{9411933C-7696-421C-8A0B-10ADC6A9728B}.Debug|x86.Deploy.0 = Debug|iPhone
		{9411933C-7696-421C-8A0B-10ADC6A9728B}.Release|Any CPU.ActiveCfg = Release|iPhone
		{9411933C-7696-421C-8A0B-10ADC6A9728B}.Release|Any CPU.Build.0 = Release|iPhone
		{9411933C-7696-421C-8A0B-10ADC6A9728B}.Release|Any CPU.Deploy.0 = Release|iPhone
		{9411933C-7696-421C-8A0B-10ADC6A9728B}.Release|ARM.ActiveCfg = Release|iPhone
		{9411933C-7696-421C-8A0B-10ADC6A9728B}.Release|ARM.Build.0 = Release|iPhone
		{9411933C-7696-421C-8A0B-10ADC6A9728B}.Release|ARM.Deploy.0 = Release|iPhone
		{9411933C-7696-421C-8A0B-10ADC6A9728B}.Release|iPhone.ActiveCfg = Release|iPhone
		{9411933C-7696-421C-8A0B-10ADC6A9728B}.Release|iPhone.Build.0 = Release|iPhone
		{9411933C-7696-421C-8A0B-10ADC6A9728B}.Release|iPhone.Deploy.0 = Release|iPhone
		{9411933C-7696-421C-8A0B-10ADC6A9728B}.Release|iPhoneSimulator.ActiveCfg = Release|iPhoneSimulator
		{9411933C-7696-421C-8A0B-10ADC6A9728B}.Release|iPhoneSimulator.Build.0 = Release|iPhoneSimulator
		{9411933C-7696-421C-8A0B-10ADC6A9728B}.Release|iPhoneSimulator.Deploy.0 = Release|iPhoneSimulator
		{9411933C-7696-421C-8A0B-10ADC6A9728B}.Release|x64.ActiveCfg = Release|iPhone
		{9411933C-7696-421C-8A0B-10ADC6A9728B}.Release|x64.Build.0 = Release|iPhone
		{9411933C-7696-421C-8A0B-10ADC6A9728B}.Release|x64.Deploy.0 = Release|iPhone
		{9411933C-7696-421C-8A0B-10ADC6A9728B}.Release|x86.ActiveCfg = Release|iPhone
		{9411933C-7696-421C-8A0B-10ADC6A9728B}.Release|x86.Build.0 = Release|iPhone
		{9411933C-7696-421C-8A0B-10ADC6A9728B}.Release|x86.Deploy.0 = Release|iPhone
		{251611DA-CF0A-404E-A36F-7822339A93B8}.Ad-Hoc|Any CPU.ActiveCfg = Release|x86
		{251611DA-CF0A-404E-A36F-7822339A93B8}.Ad-Hoc|Any CPU.Build.0 = Release|x86
		{251611DA-CF0A-404E-A36F-7822339A93B8}.Ad-Hoc|Any CPU.Deploy.0 = Release|x86
		{251611DA-CF0A-404E-A36F-7822339A93B8}.Ad-Hoc|ARM.ActiveCfg = Release|ARM
		{251611DA-CF0A-404E-A36F-7822339A93B8}.Ad-Hoc|ARM.Build.0 = Release|ARM
		{251611DA-CF0A-404E-A36F-7822339A93B8}.Ad-Hoc|ARM.Deploy.0 = Release|ARM
		{251611DA-CF0A-404E-A36F-7822339A93B8}.Ad-Hoc|iPhone.ActiveCfg = Release|x86
		{251611DA-CF0A-404E-A36F-7822339A93B8}.Ad-Hoc|iPhone.Build.0 = Release|x86
		{251611DA-CF0A-404E-A36F-7822339A93B8}.Ad-Hoc|iPhone.Deploy.0 = Release|x86
		{251611DA-CF0A-404E-A36F-7822339A93B8}.Ad-Hoc|iPhoneSimulator.ActiveCfg = Release|x86
		{251611DA-CF0A-404E-A36F-7822339A93B8}.Ad-Hoc|iPhoneSimulator.Build.0 = Release|x86
		{251611DA-CF0A-404E-A36F-7822339A93B8}.Ad-Hoc|iPhoneSimulator.Deploy.0 = Release|x86
		{251611DA-CF0A-404E-A36F-7822339A93B8}.Ad-Hoc|x64.ActiveCfg = Release|x64
		{251611DA-CF0A-404E-A36F-7822339A93B8}.Ad-Hoc|x64.Build.0 = Release|x64
		{251611DA-CF0A-404E-A36F-7822339A93B8}.Ad-Hoc|x64.Deploy.0 = Release|x64
		{251611DA-CF0A-404E-A36F-7822339A93B8}.Ad-Hoc|x86.ActiveCfg = Release|x86
		{251611DA-CF0A-404E-A36F-7822339A93B8}.Ad-Hoc|x86.Build.0 = Release|x86
		{251611DA-CF0A-404E-A36F-7822339A93B8}.Ad-Hoc|x86.Deploy.0 = Release|x86
		{251611DA-CF0A-404E-A36F-7822339A93B8}.AppStore|Any CPU.ActiveCfg = Release|x86
		{251611DA-CF0A-404E-A36F-7822339A93B8}.AppStore|Any CPU.Build.0 = Release|x86
		{251611DA-CF0A-404E-A36F-7822339A93B8}.AppStore|Any CPU.Deploy.0 = Release|x86
		{251611DA-CF0A-404E-A36F-7822339A93B8}.AppStore|ARM.ActiveCfg = Release|ARM
		{251611DA-CF0A-404E-A36F-7822339A93B8}.AppStore|ARM.Build.0 = Release|ARM
		{251611DA-CF0A-404E-A36F-7822339A93B8}.AppStore|ARM.Deploy.0 = Release|ARM
		{251611DA-CF0A-404E-A36F-7822339A93B8}.AppStore|iPhone.ActiveCfg = Release|x86
		{251611DA-CF0A-404E-A36F-7822339A93B8}.AppStore|iPhone.Build.0 = Release|x86
		{251611DA-CF0A-404E-A36F-7822339A93B8}.AppStore|iPhone.Deploy.0 = Release|x86
		{251611DA-CF0A-404E-A36F-7822339A93B8}.AppStore|iPhoneSimulator.ActiveCfg = Release|x86
		{251611DA-CF0A-404E-A36F-7822339A93B8}.AppStore|iPhoneSimulator.Build.0 = Release|x86
		{251611DA-CF0A-404E-A36F-7822339A93B8}.AppStore|iPhoneSimulator.Deploy.0 = Release|x86
		{251611DA-CF0A-404E-A36F-7822339A93B8}.AppStore|x64.ActiveCfg = Release|x64
		{251611DA-CF0A-404E-A36F-7822339A93B8}.AppStore|x64.Build.0 = Release|x64
		{251611DA-CF0A-404E-A36F-7822339A93B8}.AppStore|x64.Deploy.0 = Release|x64
		{251611DA-CF0A-404E-A36F-7822339A93B8}.AppStore|x86.ActiveCfg = Release|x86
		{251611DA-CF0A-404E-A36F-7822339A93B8}.AppStore|x86.Build.0 = Release|x86
		{251611DA-CF0A-404E-A36F-7822339A93B8}.AppStore|x86.Deploy.0 = Release|x86
		{251611DA-CF0A-404E-A36F-7822339A93B8}.Debug|Any CPU.ActiveCfg = Debug|x86
		{251611DA-CF0A-404E-A36F-7822339A93B8}.Debug|Any CPU.Build.0 = Debug|x86
		{251611DA-CF0A-404E-A36F-7822339A93B8}.Debug|Any CPU.Deploy.0 = Debug|x86
		{251611DA-CF0A-404E-A36F-7822339A93B8}.Debug|ARM.ActiveCfg = Debug|ARM
		{251611DA-CF0A-404E-A36F-7822339A93B8}.Debug|ARM.Build.0 = Debug|ARM
		{251611DA-CF0A-404E-A36F-7822339A93B8}.Debug|ARM.Deploy.0 = Debug|ARM
		{251611DA-CF0A-404E-A36F-7822339A93B8}.Debug|iPhone.ActiveCfg = Debug|x86
		{251611DA-CF0A-404E-A36F-7822339A93B8}.Debug|iPhone.Build.0 = Debug|x86
		{251611DA-CF0A-404E-A36F-7822339A93B8}.Debug|iPhone.Deploy.0 = Debug|x86
		{251611DA-CF0A-404E-A36F-7822339A93B8}.Debug|iPhoneSimulator.ActiveCfg = Debug|x86
		{251611DA-CF0A-404E-A36F-7822339A93B8}.Debug|iPhoneSimulator.Build.0 = Debug|x86
		{251611DA-CF0A-404E-A36F-7822339A93B8}.Debug|iPhoneSimulator.Deploy.0 = Debug|x86
		{251611DA-CF0A-404E-A36F-7822339A93B8}.Debug|x64.ActiveCfg = Debug|x64
		{251611DA-CF0A-404E-A36F-7822339A93B8}.Debug|x64.Build.0 = Debug|x64
		{251611DA-CF0A-404E-A36F-7822339A93B8}.Debug|x64.Deploy.0 = Debug|x64
		{251611DA-CF0A-404E-A36F-7822339A93B8}.Debug|x86.ActiveCfg = Debug|x86
		{251611DA-CF0A-404E-A36F-7822339A93B8}.Debug|x86.Build.0 = Debug|x86
		{251611DA-CF0A-404E-A36F-7822339A93B8}.Debug|x86.Deploy.0 = Debug|x86
		{251611DA-CF0A-404E-A36F-7822339A93B8}.Release|Any CPU.ActiveCfg = Release|x86
		{251611DA-CF0A-404E-A36F-7822339A93B8}.Release|Any CPU.Build.0 = Release|x86
		{251611DA-CF0A-404E-A36F-7822339A93B8}.Release|Any CPU.Deploy.0 = Release|x86
		{251611DA-CF0A-404E-A36F-7822339A93B8}.Release|ARM.ActiveCfg = Release|ARM
		{251611DA-CF0A-404E-A36F-7822339A93B8}.Release|ARM.Build.0 = Release|ARM
		{251611DA-CF0A-404E-A36F-7822339A93B8}.Release|ARM.Deploy.0 = Release|ARM
		{251611DA-CF0A-404E-A36F-7822339A93B8}.Release|iPhone.ActiveCfg = Release|x86
		{251611DA-CF0A-404E-A36F-7822339A93B8}.Release|iPhone.Build.0 = Release|x86
		{251611DA-CF0A-404E-A36F-7822339A93B8}.Release|iPhone.Deploy.0 = Release|x86
		{251611DA-CF0A-404E-A36F-7822339A93B8}.Release|iPhoneSimulator.ActiveCfg = Release|x86
		{251611DA-CF0A-404E-A36F-7822339A93B8}.Release|iPhoneSimulator.Build.0 = Release|x86
		{251611DA-CF0A-404E-A36F-7822339A93B8}.Release|iPhoneSimulator.Deploy.0 = Release|x86
		{251611DA-CF0A-404E-A36F-7822339A93B8}.Release|x64.ActiveCfg = Release|x64
		{251611DA-CF0A-404E-A36F-7822339A93B8}.Release|x64.Build.0 = Release|x64
		{251611DA-CF0A-404E-A36F-7822339A93B8}.Release|x64.Deploy.0 = Release|x64
		{251611DA-CF0A-404E-A36F-7822339A93B8}.Release|x86.ActiveCfg = Release|x86
		{251611DA-CF0A-404E-A36F-7822339A93B8}.Release|x86.Build.0 = Release|x86
		{251611DA-CF0A-404E-A36F-7822339A93B8}.Release|x86.Deploy.0 = Release|x86
		{7A130564-6AFE-412D-8BF8-6E00DA937BBC}.Ad-Hoc|Any CPU.ActiveCfg = Debug|Any CPU
		{7A130564-6AFE-412D-8BF8-6E00DA937BBC}.Ad-Hoc|Any CPU.Build.0 = Debug|Any CPU
		{7A130564-6AFE-412D-8BF8-6E00DA937BBC}.Ad-Hoc|Any CPU.Deploy.0 = Debug|Any CPU
		{7A130564-6AFE-412D-8BF8-6E00DA937BBC}.Ad-Hoc|ARM.ActiveCfg = Debug|Any CPU
		{7A130564-6AFE-412D-8BF8-6E00DA937BBC}.Ad-Hoc|ARM.Build.0 = Debug|Any CPU
		{7A130564-6AFE-412D-8BF8-6E00DA937BBC}.Ad-Hoc|ARM.Deploy.0 = Debug|Any CPU
		{7A130564-6AFE-412D-8BF8-6E00DA937BBC}.Ad-Hoc|iPhone.ActiveCfg = Debug|Any CPU
		{7A130564-6AFE-412D-8BF8-6E00DA937BBC}.Ad-Hoc|iPhone.Build.0 = Debug|Any CPU
		{7A130564-6AFE-412D-8BF8-6E00DA937BBC}.Ad-Hoc|iPhone.Deploy.0 = Debug|Any CPU
		{7A130564-6AFE-412D-8BF8-6E00DA937BBC}.Ad-Hoc|iPhoneSimulator.ActiveCfg = Debug|Any CPU
		{7A130564-6AFE-412D-8BF8-6E00DA937BBC}.Ad-Hoc|iPhoneSimulator.Build.0 = Debug|Any CPU
		{7A130564-6AFE-412D-8BF8-6E00DA937BBC}.Ad-Hoc|iPhoneSimulator.Deploy.0 = Debug|Any CPU
		{7A130564-6AFE-412D-8BF8-6E00DA937BBC}.Ad-Hoc|x64.ActiveCfg = Debug|Any CPU
		{7A130564-6AFE-412D-8BF8-6E00DA937BBC}.Ad-Hoc|x64.Build.0 = Debug|Any CPU
		{7A130564-6AFE-412D-8BF8-6E00DA937BBC}.Ad-Hoc|x64.Deploy.0 = Debug|Any CPU
		{7A130564-6AFE-412D-8BF8-6E00DA937BBC}.Ad-Hoc|x86.ActiveCfg = Debug|Any CPU
		{7A130564-6AFE-412D-8BF8-6E00DA937BBC}.Ad-Hoc|x86.Build.0 = Debug|Any CPU
		{7A130564-6AFE-412D-8BF8-6E00DA937BBC}.Ad-Hoc|x86.Deploy.0 = Debug|Any CPU
		{7A130564-6AFE-412D-8BF8-6E00DA937BBC}.AppStore|Any CPU.ActiveCfg = Debug|Any CPU
		{7A130564-6AFE-412D-8BF8-6E00DA937BBC}.AppStore|Any CPU.Build.0 = Debug|Any CPU
		{7A130564-6AFE-412D-8BF8-6E00DA937BBC}.AppStore|Any CPU.Deploy.0 = Debug|Any CPU
		{7A130564-6AFE-412D-8BF8-6E00DA937BBC}.AppStore|ARM.ActiveCfg = Debug|Any CPU
		{7A130564-6AFE-412D-8BF8-6E00DA937BBC}.AppStore|ARM.Build.0 = Debug|Any CPU
		{7A130564-6AFE-412D-8BF8-6E00DA937BBC}.AppStore|ARM.Deploy.0 = Debug|Any CPU
		{7A130564-6AFE-412D-8BF8-6E00DA937BBC}.AppStore|iPhone.ActiveCfg = Debug|Any CPU
		{7A130564-6AFE-412D-8BF8-6E00DA937BBC}.AppStore|iPhone.Build.0 = Debug|Any CPU
		{7A130564-6AFE-412D-8BF8-6E00DA937BBC}.AppStore|iPhone.Deploy.0 = Debug|Any CPU
		{7A130564-6AFE-412D-8BF8-6E00DA937BBC}.AppStore|iPhoneSimulator.ActiveCfg = Debug|Any CPU
		{7A130564-6AFE-412D-8BF8-6E00DA937BBC}.AppStore|iPhoneSimulator.Build.0 = Debug|Any CPU
		{7A130564-6AFE-412D-8BF8-6E00DA937BBC}.AppStore|iPhoneSimulator.Deploy.0 = Debug|Any CPU
		{7A130564-6AFE-412D-8BF8-6E00DA937BBC}.AppStore|x64.ActiveCfg = Debug|Any CPU
		{7A130564-6AFE-412D-8BF8-6E00DA937BBC}.AppStore|x64.Build.0 = Debug|Any CPU
		{7A130564-6AFE-412D-8BF8-6E00DA937BBC}.AppStore|x64.Deploy.0 = Debug|Any CPU
		{7A130564-6AFE-412D-8BF8-6E00DA937BBC}.AppStore|x86.ActiveCfg = Debug|Any CPU
		{7A130564-6AFE-412D-8BF8-6E00DA937BBC}.AppStore|x86.Build.0 = Debug|Any CPU
		{7A130564-6AFE-412D-8BF8-6E00DA937BBC}.AppStore|x86.Deploy.0 = Debug|Any CPU
		{7A130564-6AFE-412D-8BF8-6E00DA937BBC}.Debug|Any CPU.ActiveCfg = Debug|Any CPU
		{7A130564-6AFE-412D-8BF8-6E00DA937BBC}.Debug|Any CPU.Build.0 = Debug|Any CPU
		{7A130564-6AFE-412D-8BF8-6E00DA937BBC}.Debug|Any CPU.Deploy.0 = Debug|Any CPU
		{7A130564-6AFE-412D-8BF8-6E00DA937BBC}.Debug|ARM.ActiveCfg = Debug|Any CPU
		{7A130564-6AFE-412D-8BF8-6E00DA937BBC}.Debug|ARM.Build.0 = Debug|Any CPU
		{7A130564-6AFE-412D-8BF8-6E00DA937BBC}.Debug|ARM.Deploy.0 = Debug|Any CPU
		{7A130564-6AFE-412D-8BF8-6E00DA937BBC}.Debug|iPhone.ActiveCfg = Debug|Any CPU
		{7A130564-6AFE-412D-8BF8-6E00DA937BBC}.Debug|iPhone.Build.0 = Debug|Any CPU
		{7A130564-6AFE-412D-8BF8-6E00DA937BBC}.Debug|iPhone.Deploy.0 = Debug|Any CPU
		{7A130564-6AFE-412D-8BF8-6E00DA937BBC}.Debug|iPhoneSimulator.ActiveCfg = Debug|Any CPU
		{7A130564-6AFE-412D-8BF8-6E00DA937BBC}.Debug|iPhoneSimulator.Build.0 = Debug|Any CPU
		{7A130564-6AFE-412D-8BF8-6E00DA937BBC}.Debug|iPhoneSimulator.Deploy.0 = Debug|Any CPU
		{7A130564-6AFE-412D-8BF8-6E00DA937BBC}.Debug|x64.ActiveCfg = Debug|Any CPU
		{7A130564-6AFE-412D-8BF8-6E00DA937BBC}.Debug|x64.Build.0 = Debug|Any CPU
		{7A130564-6AFE-412D-8BF8-6E00DA937BBC}.Debug|x64.Deploy.0 = Debug|Any CPU
		{7A130564-6AFE-412D-8BF8-6E00DA937BBC}.Debug|x86.ActiveCfg = Debug|Any CPU
		{7A130564-6AFE-412D-8BF8-6E00DA937BBC}.Debug|x86.Build.0 = Debug|Any CPU
		{7A130564-6AFE-412D-8BF8-6E00DA937BBC}.Debug|x86.Deploy.0 = Debug|Any CPU
		{7A130564-6AFE-412D-8BF8-6E00DA937BBC}.Release|Any CPU.ActiveCfg = Release|Any CPU
		{7A130564-6AFE-412D-8BF8-6E00DA937BBC}.Release|Any CPU.Build.0 = Release|Any CPU
		{7A130564-6AFE-412D-8BF8-6E00DA937BBC}.Release|Any CPU.Deploy.0 = Release|Any CPU
		{7A130564-6AFE-412D-8BF8-6E00DA937BBC}.Release|ARM.ActiveCfg = Release|Any CPU
		{7A130564-6AFE-412D-8BF8-6E00DA937BBC}.Release|ARM.Build.0 = Release|Any CPU
		{7A130564-6AFE-412D-8BF8-6E00DA937BBC}.Release|ARM.Deploy.0 = Release|Any CPU
		{7A130564-6AFE-412D-8BF8-6E00DA937BBC}.Release|iPhone.ActiveCfg = Release|Any CPU
		{7A130564-6AFE-412D-8BF8-6E00DA937BBC}.Release|iPhone.Build.0 = Release|Any CPU
		{7A130564-6AFE-412D-8BF8-6E00DA937BBC}.Release|iPhone.Deploy.0 = Release|Any CPU
		{7A130564-6AFE-412D-8BF8-6E00DA937BBC}.Release|iPhoneSimulator.ActiveCfg = Release|Any CPU
		{7A130564-6AFE-412D-8BF8-6E00DA937BBC}.Release|iPhoneSimulator.Build.0 = Release|Any CPU
		{7A130564-6AFE-412D-8BF8-6E00DA937BBC}.Release|iPhoneSimulator.Deploy.0 = Release|Any CPU
		{7A130564-6AFE-412D-8BF8-6E00DA937BBC}.Release|x64.ActiveCfg = Release|Any CPU
		{7A130564-6AFE-412D-8BF8-6E00DA937BBC}.Release|x64.Build.0 = Release|Any CPU
		{7A130564-6AFE-412D-8BF8-6E00DA937BBC}.Release|x64.Deploy.0 = Release|Any CPU
		{7A130564-6AFE-412D-8BF8-6E00DA937BBC}.Release|x86.ActiveCfg = Release|Any CPU
		{7A130564-6AFE-412D-8BF8-6E00DA937BBC}.Release|x86.Build.0 = Release|Any CPU
		{7A130564-6AFE-412D-8BF8-6E00DA937BBC}.Release|x86.Deploy.0 = Release|Any CPU
	EndGlobalSection
	GlobalSection(SolutionProperties) = preSolution
		HideSolutionNode = FALSE
	EndGlobalSection
	GlobalSection(ExtensibilityGlobals) = postSolution
		SolutionGuid = {BDAFD81F-FFE7-4451-AA5E-63DB4391180B}
	EndGlobalSection
EndGlobal
